
Microsoft Visual Studio Solution File, Format Version 12.00
# Visual Studio Version 17
VisualStudioVersion = 17.0.32112.339
MinimumVisualStudioVersion = 10.0.40219.1
Project("{FAE04EC0-301F-11D3-BF4B-00C04F79EFBC}") = "WebApplication2", "WebApplication2\WebApplication2.csproj", "{4919941D-97C1-4EF9-AA0A-48AB331A8ADA}"
EndProject
Global
	GlobalSection(SolutionConfigurationPlatforms) = preSolution
		Debug|Any CPU = Debug|Any CPU
		Release|Any CPU = Release|Any CPU
	EndGlobalSection
	GlobalSection(ProjectConfigurationPlatforms) = postSolution
		{4919941D-97C1-4EF9-AA0A-48AB331A8ADA}.Debug|Any CPU.ActiveCfg = Debug|Any CPU
		{4919941D-97C1-4EF9-AA0A-48AB331A8ADA}.Debug|Any CPU.Build.0 = Debug|Any CPU
		{4919941D-97C1-4EF9-AA0A-48AB331A8ADA}.Release|Any CPU.ActiveCfg = Release|Any CPU
		{4919941D-97C1-4EF9-AA0A-48AB331A8ADA}.Release|Any CPU.Build.0 = Release|Any CPU
	EndGlobalSection
	GlobalSection(SolutionProperties) = preSolution
		HideSolutionNode = FALSE
	EndGlobalSection
	GlobalSection(ExtensibilityGlobals) = postSolution
		SolutionGuid = {0A5B1E70-13C3-48A3-BCF9-F8F41AB504D3}
	EndGlobalSection
EndGlobal
